// !$*UTF8*$!
{
	archiveVersion = 1;
	classes = {
	};
	objectVersion = 46;
	objects = {

/* Begin PBXBuildFile section */
		39C8216F1815AE11007EF34C /* CustomView.m in Sources */ = {isa = PBXBuildFile; fileRef = 39C8216D1815AE11007EF34C /* CustomView.m */; };
		39E9FA091810EABA00914C59 /* Foundation.framework in Frameworks */ = {isa = PBXBuildFile; fileRef = 39E9FA081810EABA00914C59 /* Foundation.framework */; };
		39E9FA0B1810EABA00914C59 /* CoreGraphics.framework in Frameworks */ = {isa = PBXBuildFile; fileRef = 39E9FA0A1810EABA00914C59 /* CoreGraphics.framework */; };
		39E9FA0D1810EABA00914C59 /* UIKit.framework in Frameworks */ = {isa = PBXBuildFile; fileRef = 39E9FA0C1810EABA00914C59 /* UIKit.framework */; };
		39E9FA131810EABA00914C59 /* InfoPlist.strings in Resources */ = {isa = PBXBuildFile; fileRef = 39E9FA111810EABA00914C59 /* InfoPlist.strings */; };
		39E9FA151810EABA00914C59 /* main.m in Sources */ = {isa = PBXBuildFile; fileRef = 39E9FA141810EABA00914C59 /* main.m */; };
		39E9FA191810EABA00914C59 /* Week1_KioskAppDelegate.m in Sources */ = {isa = PBXBuildFile; fileRef = 39E9FA181810EABA00914C59 /* Week1_KioskAppDelegate.m */; };
		39E9FA1B1810EABA00914C59 /* Images.xcassets in Resources */ = {isa = PBXBuildFile; fileRef = 39E9FA1A1810EABA00914C59 /* Images.xcassets */; };
		39E9FA221810EABA00914C59 /* XCTest.framework in Frameworks */ = {isa = PBXBuildFile; fileRef = 39E9FA211810EABA00914C59 /* XCTest.framework */; };
		39E9FA231810EABA00914C59 /* Foundation.framework in Frameworks */ = {isa = PBXBuildFile; fileRef = 39E9FA081810EABA00914C59 /* Foundation.framework */; };
		39E9FA241810EABA00914C59 /* UIKit.framework in Frameworks */ = {isa = PBXBuildFile; fileRef = 39E9FA0C1810EABA00914C59 /* UIKit.framework */; };
		39E9FA2C1810EABA00914C59 /* InfoPlist.strings in Resources */ = {isa = PBXBuildFile; fileRef = 39E9FA2A1810EABA00914C59 /* InfoPlist.strings */; };
		39E9FA2E1810EABA00914C59 /* Week1_KioskTests.m in Sources */ = {isa = PBXBuildFile; fileRef = 39E9FA2D1810EABA00914C59 /* Week1_KioskTests.m */; };
		39E9FA3C1810EC1F00914C59 /* RootViewController.m in Sources */ = {isa = PBXBuildFile; fileRef = 39E9FA3B1810EC1F00914C59 /* RootViewController.m */; };
		39E9FA411810EF1600914C59 /* Mila_iPad.png in Resources */ = {isa = PBXBuildFile; fileRef = 39E9FA3F1810EF1600914C59 /* Mila_iPad.png */; };
		39E9FA421810EF1600914C59 /* Mila_iPhone.jpeg in Resources */ = {isa = PBXBuildFile; fileRef = 39E9FA401810EF1600914C59 /* Mila_iPhone.jpeg */; };
		39ED97E81816FB8400A794D3 /* QuartzCore.framework in Frameworks */ = {isa = PBXBuildFile; fileRef = 39ED97E71816FB8400A794D3 /* QuartzCore.framework */; };
		39ED97EC181701BD00A794D3 /* MilaUpsideDown.JPG in Resources */ = {isa = PBXBuildFile; fileRef = 39ED97EB181701BD00A794D3 /* MilaUpsideDown.JPG */; };
		39EF05DE1815C5D60091D713 /* loft.jpg in Resources */ = {isa = PBXBuildFile; fileRef = 39EF05CF1815C5D60091D713 /* loft.jpg */; };
		39EF05E21815C5D60091D713 /* air-jordan-1-hi.jpg in Resources */ = {isa = PBXBuildFile; fileRef = 39EF05D31815C5D60091D713 /* air-jordan-1-hi.jpg */; };
		39EF05E31815C5D60091D713 /* milayawnBig.JPG in Resources */ = {isa = PBXBuildFile; fileRef = 39EF05D41815C5D60091D713 /* milayawnBig.JPG */; };
		39EF05E41815C5D60091D713 /* lorisBig.JPG in Resources */ = {isa = PBXBuildFile; fileRef = 39EF05D51815C5D60091D713 /* lorisBig.JPG */; };
		39EF05E51815C5D60091D713 /* ladyBig.JPG in Resources */ = {isa = PBXBuildFile; fileRef = 39EF05D61815C5D60091D713 /* ladyBig.JPG */; };
		39EF05E61815C5D60091D713 /* hippoBig.PNG in Resources */ = {isa = PBXBuildFile; fileRef = 39EF05D71815C5D60091D713 /* hippoBig.PNG */; };
		39EF05E71815C5D60091D713 /* frogBig.PNG in Resources */ = {isa = PBXBuildFile; fileRef = 39EF05D81815C5D60091D713 /* frogBig.PNG */; };
		39EF05E81815C5D60091D713 /* dylanBig.PNG in Resources */ = {isa = PBXBuildFile; fileRef = 39EF05D91815C5D60091D713 /* dylanBig.PNG */; };
		39EF05E91815C5D60091D713 /* MilaLaunch.JPG in Resources */ = {isa = PBXBuildFile; fileRef = 39EF05DA1815C5D60091D713 /* MilaLaunch.JPG */; };
		39EF05EA1815C5D60091D713 /* keyboard.jpg in Resources */ = {isa = PBXBuildFile; fileRef = 39EF05DB1815C5D60091D713 /* keyboard.jpg */; };
		39EF05EB1815C5D60091D713 /* karaoke.JPG in Resources */ = {isa = PBXBuildFile; fileRef = 39EF05DC1815C5D60091D713 /* karaoke.JPG */; };
		39EF05EC1815C5D60091D713 /* chrisandrocco.jpg in Resources */ = {isa = PBXBuildFile; fileRef = 39EF05DD1815C5D60091D713 /* chrisandrocco.jpg */; };
		39EF05F01815C6370091D713 /* TheWInstagram.JPG in Resources */ = {isa = PBXBuildFile; fileRef = 39EF05ED1815C6370091D713 /* TheWInstagram.JPG */; };
		39EF05F11815C6370091D713 /* TomsWedding.JPG in Resources */ = {isa = PBXBuildFile; fileRef = 39EF05EE1815C6370091D713 /* TomsWedding.JPG */; };
		39EF05F21815C6370091D713 /* ChrisandAlexis.JPG in Resources */ = {isa = PBXBuildFile; fileRef = 39EF05EF1815C6370091D713 /* ChrisandAlexis.JPG */; };
/* End PBXBuildFile section */

/* Begin PBXContainerItemProxy section */
		39E9FA251810EABA00914C59 /* PBXContainerItemProxy */ = {
			isa = PBXContainerItemProxy;
			containerPortal = 39E9F9FD1810EABA00914C59 /* Project object */;
			proxyType = 1;
			remoteGlobalIDString = 39E9FA041810EABA00914C59;
			remoteInfo = Week1_Kiosk;
		};
/* End PBXContainerItemProxy section */

/* Begin PBXFileReference section */
		39C8216D1815AE11007EF34C /* CustomView.m */ = {isa = PBXFileReference; fileEncoding = 4; lastKnownFileType = sourcecode.c.objc; path = CustomView.m; sourceTree = "<group>"; };
		39C8216E1815AE11007EF34C /* CustomView.h */ = {isa = PBXFileReference; fileEncoding = 4; lastKnownFileType = sourcecode.c.h; path = CustomView.h; sourceTree = "<group>"; };
		39E9FA051810EABA00914C59 /* Week1Kiosk.app */ = {isa = PBXFileReference; explicitFileType = wrapper.application; includeInIndex = 0; path = Week1Kiosk.app; sourceTree = BUILT_PRODUCTS_DIR; };
		39E9FA081810EABA00914C59 /* Foundation.framework */ = {isa = PBXFileReference; lastKnownFileType = wrapper.framework; name = Foundation.framework; path = System/Library/Frameworks/Foundation.framework; sourceTree = SDKROOT; };
		39E9FA0A1810EABA00914C59 /* CoreGraphics.framework */ = {isa = PBXFileReference; lastKnownFileType = wrapper.framework; name = CoreGraphics.framework; path = System/Library/Frameworks/CoreGraphics.framework; sourceTree = SDKROOT; };
		39E9FA0C1810EABA00914C59 /* UIKit.framework */ = {isa = PBXFileReference; lastKnownFileType = wrapper.framework; name = UIKit.framework; path = System/Library/Frameworks/UIKit.framework; sourceTree = SDKROOT; };
		39E9FA101810EABA00914C59 /* Week1Kiosk-Info.plist */ = {isa = PBXFileReference; lastKnownFileType = text.plist.xml; path = "Week1Kiosk-Info.plist"; sourceTree = "<group>"; };
		39E9FA121810EABA00914C59 /* en */ = {isa = PBXFileReference; lastKnownFileType = text.plist.strings; name = en; path = en.lproj/InfoPlist.strings; sourceTree = "<group>"; };
		39E9FA141810EABA00914C59 /* main.m */ = {isa = PBXFileReference; lastKnownFileType = sourcecode.c.objc; path = main.m; sourceTree = "<group>"; };
		39E9FA161810EABA00914C59 /* Week1Kiosk-Prefix.pch */ = {isa = PBXFileReference; lastKnownFileType = sourcecode.c.h; path = "Week1Kiosk-Prefix.pch"; sourceTree = "<group>"; };
		39E9FA171810EABA00914C59 /* Week1_KioskAppDelegate.h */ = {isa = PBXFileReference; lastKnownFileType = sourcecode.c.h; path = Week1_KioskAppDelegate.h; sourceTree = "<group>"; };
		39E9FA181810EABA00914C59 /* Week1_KioskAppDelegate.m */ = {isa = PBXFileReference; lastKnownFileType = sourcecode.c.objc; path = Week1_KioskAppDelegate.m; sourceTree = "<group>"; };
		39E9FA1A1810EABA00914C59 /* Images.xcassets */ = {isa = PBXFileReference; lastKnownFileType = folder.assetcatalog; path = Images.xcassets; sourceTree = "<group>"; };
		39E9FA201810EABA00914C59 /* Week1KioskTests.xctest */ = {isa = PBXFileReference; explicitFileType = wrapper.cfbundle; includeInIndex = 0; path = Week1KioskTests.xctest; sourceTree = BUILT_PRODUCTS_DIR; };
		39E9FA211810EABA00914C59 /* XCTest.framework */ = {isa = PBXFileReference; lastKnownFileType = wrapper.framework; name = XCTest.framework; path = Library/Frameworks/XCTest.framework; sourceTree = DEVELOPER_DIR; };
		39E9FA291810EABA00914C59 /* Week1KioskTests-Info.plist */ = {isa = PBXFileReference; lastKnownFileType = text.plist.xml; path = "Week1KioskTests-Info.plist"; sourceTree = "<group>"; };
		39E9FA2B1810EABA00914C59 /* en */ = {isa = PBXFileReference; lastKnownFileType = text.plist.strings; name = en; path = en.lproj/InfoPlist.strings; sourceTree = "<group>"; };
		39E9FA2D1810EABA00914C59 /* Week1_KioskTests.m */ = {isa = PBXFileReference; lastKnownFileType = sourcecode.c.objc; path = Week1_KioskTests.m; sourceTree = "<group>"; };
		39E9FA3A1810EC1F00914C59 /* RootViewController.h */ = {isa = PBXFileReference; fileEncoding = 4; lastKnownFileType = sourcecode.c.h; path = RootViewController.h; sourceTree = "<group>"; };
		39E9FA3B1810EC1F00914C59 /* RootViewController.m */ = {isa = PBXFileReference; fileEncoding = 4; lastKnownFileType = sourcecode.c.objc; path = RootViewController.m; sourceTree = "<group>"; };
		39E9FA3F1810EF1600914C59 /* Mila_iPad.png */ = {isa = PBXFileReference; lastKnownFileType = image.png; path = Mila_iPad.png; sourceTree = "<group>"; };
		39E9FA401810EF1600914C59 /* Mila_iPhone.jpeg */ = {isa = PBXFileReference; lastKnownFileType = image.jpeg; path = Mila_iPhone.jpeg; sourceTree = "<group>"; };
		39ED97E71816FB8400A794D3 /* QuartzCore.framework */ = {isa = PBXFileReference; lastKnownFileType = wrapper.framework; name = QuartzCore.framework; path = System/Library/Frameworks/QuartzCore.framework; sourceTree = SDKROOT; };
		39ED97EB181701BD00A794D3 /* MilaUpsideDown.JPG */ = {isa = PBXFileReference; lastKnownFileType = image.jpeg; name = MilaUpsideDown.JPG; path = photos/MilaUpsideDown.JPG; sourceTree = "<group>"; };
		39EF05CF1815C5D60091D713 /* loft.jpg */ = {isa = PBXFileReference; lastKnownFileType = image.jpeg; name = loft.jpg; path = photos/loft.jpg; sourceTree = "<group>"; };
		39EF05D31815C5D60091D713 /* air-jordan-1-hi.jpg */ = {isa = PBXFileReference; lastKnownFileType = image.jpeg; name = "air-jordan-1-hi.jpg"; path = "photos/air-jordan-1-hi.jpg"; sourceTree = "<group>"; };
		39EF05D41815C5D60091D713 /* milayawnBig.JPG */ = {isa = PBXFileReference; lastKnownFileType = image.jpeg; name = milayawnBig.JPG; path = photos/milayawnBig.JPG; sourceTree = "<group>"; };
		39EF05D51815C5D60091D713 /* lorisBig.JPG */ = {isa = PBXFileReference; lastKnownFileType = image.jpeg; name = lorisBig.JPG; path = photos/lorisBig.JPG; sourceTree = "<group>"; };
		39EF05D61815C5D60091D713 /* ladyBig.JPG */ = {isa = PBXFileReference; lastKnownFileType = image.jpeg; name = ladyBig.JPG; path = photos/ladyBig.JPG; sourceTree = "<group>"; };
		39EF05D71815C5D60091D713 /* hippoBig.PNG */ = {isa = PBXFileReference; lastKnownFileType = image.png; name = hippoBig.PNG; path = photos/hippoBig.PNG; sourceTree = "<group>"; };
		39EF05D81815C5D60091D713 /* frogBig.PNG */ = {isa = PBXFileReference; lastKnownFileType = image.png; name = frogBig.PNG; path = photos/frogBig.PNG; sourceTree = "<group>"; };
		39EF05D91815C5D60091D713 /* dylanBig.PNG */ = {isa = PBXFileReference; lastKnownFileType = image.png; name = dylanBig.PNG; path = photos/dylanBig.PNG; sourceTree = "<group>"; };
		39EF05DA1815C5D60091D713 /* MilaLaunch.JPG */ = {isa = PBXFileReference; lastKnownFileType = image.jpeg; name = MilaLaunch.JPG; path = photos/MilaLaunch.JPG; sourceTree = "<group>"; };
		39EF05DB1815C5D60091D713 /* keyboard.jpg */ = {isa = PBXFileReference; lastKnownFileType = image.jpeg; name = keyboard.jpg; path = photos/keyboard.jpg; sourceTree = "<group>"; };
		39EF05DC1815C5D60091D713 /* karaoke.JPG */ = {isa = PBXFileReference; lastKnownFileType = image.jpeg; name = karaoke.JPG; path = photos/karaoke.JPG; sourceTree = "<group>"; };
		39EF05DD1815C5D60091D713 /* chrisandrocco.jpg */ = {isa = PBXFileReference; lastKnownFileType = image.jpeg; name = chrisandrocco.jpg; path = photos/chrisandrocco.jpg; sourceTree = "<group>"; };
		39EF05ED1815C6370091D713 /* TheWInstagram.JPG */ = {isa = PBXFileReference; lastKnownFileType = image.jpeg; name = TheWInstagram.JPG; path = photos/TheWInstagram.JPG; sourceTree = "<group>"; };
		39EF05EE1815C6370091D713 /* TomsWedding.JPG */ = {isa = PBXFileReference; lastKnownFileType = image.jpeg; name = TomsWedding.JPG; path = photos/TomsWedding.JPG; sourceTree = "<group>"; };
		39EF05EF1815C6370091D713 /* ChrisandAlexis.JPG */ = {isa = PBXFileReference; lastKnownFileType = image.jpeg; name = ChrisandAlexis.JPG; path = photos/ChrisandAlexis.JPG; sourceTree = "<group>"; };
/* End PBXFileReference section */

/* Begin PBXFrameworksBuildPhase section */
		39E9FA021810EABA00914C59 /* Frameworks */ = {
			isa = PBXFrameworksBuildPhase;
			buildActionMask = 2147483647;
			files = (
				39ED97E81816FB8400A794D3 /* QuartzCore.framework in Frameworks */,
				39E9FA0B1810EABA00914C59 /* CoreGraphics.framework in Frameworks */,
				39E9FA0D1810EABA00914C59 /* UIKit.framework in Frameworks */,
				39E9FA091810EABA00914C59 /* Foundation.framework in Frameworks */,
			);
			runOnlyForDeploymentPostprocessing = 0;
		};
		39E9FA1D1810EABA00914C59 /* Frameworks */ = {
			isa = PBXFrameworksBuildPhase;
			buildActionMask = 2147483647;
			files = (
				39E9FA221810EABA00914C59 /* XCTest.framework in Frameworks */,
				39E9FA241810EABA00914C59 /* UIKit.framework in Frameworks */,
				39E9FA231810EABA00914C59 /* Foundation.framework in Frameworks */,
			);
			runOnlyForDeploymentPostprocessing = 0;
		};
/* End PBXFrameworksBuildPhase section */

/* Begin PBXGroup section */
		39E9F9FC1810EABA00914C59 = {
			isa = PBXGroup;
			children = (
				39E9FA0E1810EABA00914C59 /* Week1_Kiosk */,
				39E9FA271810EABA00914C59 /* Week1_KioskTests */,
				39E9FA071810EABA00914C59 /* Frameworks */,
				39E9FA061810EABA00914C59 /* Products */,
			);
			sourceTree = "<group>";
		};
		39E9FA061810EABA00914C59 /* Products */ = {
			isa = PBXGroup;
			children = (
				39E9FA051810EABA00914C59 /* Week1Kiosk.app */,
				39E9FA201810EABA00914C59 /* Week1KioskTests.xctest */,
			);
			name = Products;
			sourceTree = "<group>";
		};
		39E9FA071810EABA00914C59 /* Frameworks */ = {
			isa = PBXGroup;
			children = (
				39ED97E71816FB8400A794D3 /* QuartzCore.framework */,
				39E9FA081810EABA00914C59 /* Foundation.framework */,
				39E9FA0A1810EABA00914C59 /* CoreGraphics.framework */,
				39E9FA0C1810EABA00914C59 /* UIKit.framework */,
				39E9FA211810EABA00914C59 /* XCTest.framework */,
			);
			name = Frameworks;
			sourceTree = "<group>";
		};
		39E9FA0E1810EABA00914C59 /* Week1_Kiosk */ = {
			isa = PBXGroup;
			children = (
				39E9FA171810EABA00914C59 /* Week1_KioskAppDelegate.h */,
				39E9FA181810EABA00914C59 /* Week1_KioskAppDelegate.m */,
				39E9FA3A1810EC1F00914C59 /* RootViewController.h */,
				39E9FA3B1810EC1F00914C59 /* RootViewController.m */,
				39C8216E1815AE11007EF34C /* CustomView.h */,
				39C8216D1815AE11007EF34C /* CustomView.m */,
				39E9FA1A1810EABA00914C59 /* Images.xcassets */,
				39EF05CE1815C57D0091D713 /* Photos */,
				39E9FA0F1810EABA00914C59 /* Supporting Files */,
			);
			path = Week1_Kiosk;
			sourceTree = "<group>";
		};
		39E9FA0F1810EABA00914C59 /* Supporting Files */ = {
			isa = PBXGroup;
			children = (
				39E9FA101810EABA00914C59 /* Week1Kiosk-Info.plist */,
				39E9FA111810EABA00914C59 /* InfoPlist.strings */,
				39E9FA141810EABA00914C59 /* main.m */,
				39E9FA161810EABA00914C59 /* Week1Kiosk-Prefix.pch */,
			);
			name = "Supporting Files";
			sourceTree = "<group>";
		};
		39E9FA271810EABA00914C59 /* Week1_KioskTests */ = {
			isa = PBXGroup;
			children = (
				39E9FA2D1810EABA00914C59 /* Week1_KioskTests.m */,
				39E9FA281810EABA00914C59 /* Supporting Files */,
			);
			path = Week1_KioskTests;
			sourceTree = "<group>";
		};
		39E9FA281810EABA00914C59 /* Supporting Files */ = {
			isa = PBXGroup;
			children = (
				39E9FA291810EABA00914C59 /* Week1KioskTests-Info.plist */,
				39E9FA2A1810EABA00914C59 /* InfoPlist.strings */,
			);
			name = "Supporting Files";
			sourceTree = "<group>";
		};
		39EF05CE1815C57D0091D713 /* Photos */ = {
			isa = PBXGroup;
			children = (
				39ED97EB181701BD00A794D3 /* MilaUpsideDown.JPG */,
				39EF05ED1815C6370091D713 /* TheWInstagram.JPG */,
				39EF05EE1815C6370091D713 /* TomsWedding.JPG */,
				39EF05EF1815C6370091D713 /* ChrisandAlexis.JPG */,
				39EF05CF1815C5D60091D713 /* loft.jpg */,
				39EF05D31815C5D60091D713 /* air-jordan-1-hi.jpg */,
				39EF05D41815C5D60091D713 /* milayawnBig.JPG */,
				39EF05D51815C5D60091D713 /* lorisBig.JPG */,
				39EF05D61815C5D60091D713 /* ladyBig.JPG */,
				39EF05D71815C5D60091D713 /* hippoBig.PNG */,
				39EF05D81815C5D60091D713 /* frogBig.PNG */,
				39EF05D91815C5D60091D713 /* dylanBig.PNG */,
				39EF05DA1815C5D60091D713 /* MilaLaunch.JPG */,
				39EF05DB1815C5D60091D713 /* keyboard.jpg */,
				39EF05DC1815C5D60091D713 /* karaoke.JPG */,
				39EF05DD1815C5D60091D713 /* chrisandrocco.jpg */,
				39E9FA3F1810EF1600914C59 /* Mila_iPad.png */,
				39E9FA401810EF1600914C59 /* Mila_iPhone.jpeg */,
			);
			name = Photos;
			sourceTree = "<group>";
		};
/* End PBXGroup section */

/* Begin PBXNativeTarget section */
		39E9FA041810EABA00914C59 /* Week1Kiosk */ = {
			isa = PBXNativeTarget;
			buildConfigurationList = 39E9FA311810EABA00914C59 /* Build configuration list for PBXNativeTarget "Week1Kiosk" */;
			buildPhases = (
				39E9FA011810EABA00914C59 /* Sources */,
				39E9FA021810EABA00914C59 /* Frameworks */,
				39E9FA031810EABA00914C59 /* Resources */,
			);
			buildRules = (
			);
			dependencies = (
			);
			name = Week1Kiosk;
			productName = Week1_Kiosk;
			productReference = 39E9FA051810EABA00914C59 /* Week1Kiosk.app */;
			productType = "com.apple.product-type.application";
		};
		39E9FA1F1810EABA00914C59 /* Week1KioskTests */ = {
			isa = PBXNativeTarget;
			buildConfigurationList = 39E9FA341810EABA00914C59 /* Build configuration list for PBXNativeTarget "Week1KioskTests" */;
			buildPhases = (
				39E9FA1C1810EABA00914C59 /* Sources */,
				39E9FA1D1810EABA00914C59 /* Frameworks */,
				39E9FA1E1810EABA00914C59 /* Resources */,
			);
			buildRules = (
			);
			dependencies = (
				39E9FA261810EABA00914C59 /* PBXTargetDependency */,
			);
			name = Week1KioskTests;
			productName = Week1_KioskTests;
			productReference = 39E9FA201810EABA00914C59 /* Week1KioskTests.xctest */;
			productType = "com.apple.product-type.bundle.unit-test";
		};
/* End PBXNativeTarget section */

/* Begin PBXProject section */
		39E9F9FD1810EABA00914C59 /* Project object */ = {
			isa = PBXProject;
			attributes = {
				CLASSPREFIX = Week1_Kiosk;
				LastUpgradeCheck = 0500;
				ORGANIZATIONNAME = "Christopher J Di Luccia";
				TargetAttributes = {
					39E9FA1F1810EABA00914C59 = {
						TestTargetID = 39E9FA041810EABA00914C59;
					};
				};
			};
			buildConfigurationList = 39E9FA001810EABA00914C59 /* Build configuration list for PBXProject "Week1Kiosk" */;
			compatibilityVersion = "Xcode 3.2";
			developmentRegion = English;
			hasScannedForEncodings = 0;
			knownRegions = (
				en,
			);
			mainGroup = 39E9F9FC1810EABA00914C59;
			productRefGroup = 39E9FA061810EABA00914C59 /* Products */;
			projectDirPath = "";
			projectRoot = "";
			targets = (
				39E9FA041810EABA00914C59 /* Week1Kiosk */,
				39E9FA1F1810EABA00914C59 /* Week1KioskTests */,
			);
		};
/* End PBXProject section */

/* Begin PBXResourcesBuildPhase section */
		39E9FA031810EABA00914C59 /* Resources */ = {
			isa = PBXResourcesBuildPhase;
			buildActionMask = 2147483647;
			files = (
				39EF05E81815C5D60091D713 /* dylanBig.PNG in Resources */,
				39EF05E31815C5D60091D713 /* milayawnBig.JPG in Resources */,
				39E9FA131810EABA00914C59 /* InfoPlist.strings in Resources */,
				39EF05EA1815C5D60091D713 /* keyboard.jpg in Resources */,
				39EF05E71815C5D60091D713 /* frogBig.PNG in Resources */,
				39EF05E51815C5D60091D713 /* ladyBig.JPG in Resources */,
				39EF05E41815C5D60091D713 /* lorisBig.JPG in Resources */,
				39EF05DE1815C5D60091D713 /* loft.jpg in Resources */,
				39EF05F01815C6370091D713 /* TheWInstagram.JPG in Resources */,
				39EF05E61815C5D60091D713 /* hippoBig.PNG in Resources */,
				39E9FA421810EF1600914C59 /* Mila_iPhone.jpeg in Resources */,
				39EF05E91815C5D60091D713 /* MilaLaunch.JPG in Resources */,
				39EF05EC1815C5D60091D713 /* chrisandrocco.jpg in Resources */,
				39EF05F21815C6370091D713 /* ChrisandAlexis.JPG in Resources */,
				39EF05E21815C5D60091D713 /* air-jordan-1-hi.jpg in Resources */,
				39E9FA411810EF1600914C59 /* Mila_iPad.png in Resources */,
				39EF05F11815C6370091D713 /* TomsWedding.JPG in Resources */,
				39EF05EB1815C5D60091D713 /* karaoke.JPG in Resources */,
				39ED97EC181701BD00A794D3 /* MilaUpsideDown.JPG in Resources */,
				39E9FA1B1810EABA00914C59 /* Images.xcassets in Resources */,
			);
			runOnlyForDeploymentPostprocessing = 0;
		};
		39E9FA1E1810EABA00914C59 /* Resources */ = {
			isa = PBXResourcesBuildPhase;
			buildActionMask = 2147483647;
			files = (
				39E9FA2C1810EABA00914C59 /* InfoPlist.strings in Resources */,
			);
			runOnlyForDeploymentPostprocessing = 0;
		};
/* End PBXResourcesBuildPhase section */

/* Begin PBXSourcesBuildPhase section */
		39E9FA011810EABA00914C59 /* Sources */ = {
			isa = PBXSourcesBuildPhase;
			buildActionMask = 2147483647;
			files = (
				39E9FA191810EABA00914C59 /* Week1_KioskAppDelegate.m in Sources */,
				39C8216F1815AE11007EF34C /* CustomView.m in Sources */,
				39E9FA151810EABA00914C59 /* main.m in Sources */,
				39E9FA3C1810EC1F00914C59 /* RootViewController.m in Sources */,
			);
			runOnlyForDeploymentPostprocessing = 0;
		};
		39E9FA1C1810EABA00914C59 /* Sources */ = {
			isa = PBXSourcesBuildPhase;
			buildActionMask = 2147483647;
			files = (
				39E9FA2E1810EABA00914C59 /* Week1_KioskTests.m in Sources */,
			);
			runOnlyForDeploymentPostprocessing = 0;
		};
/* End PBXSourcesBuildPhase section */

/* Begin PBXTargetDependency section */
		39E9FA261810EABA00914C59 /* PBXTargetDependency */ = {
			isa = PBXTargetDependency;
			target = 39E9FA041810EABA00914C59 /* Week1Kiosk */;
			targetProxy = 39E9FA251810EABA00914C59 /* PBXContainerItemProxy */;
		};
/* End PBXTargetDependency section */

/* Begin PBXVariantGroup section */
		39E9FA111810EABA00914C59 /* InfoPlist.strings */ = {
			isa = PBXVariantGroup;
			children = (
				39E9FA121810EABA00914C59 /* en */,
			);
			name = InfoPlist.strings;
			sourceTree = "<group>";
		};
		39E9FA2A1810EABA00914C59 /* InfoPlist.strings */ = {
			isa = PBXVariantGroup;
			children = (
				39E9FA2B1810EABA00914C59 /* en */,
			);
			name = InfoPlist.strings;
			sourceTree = "<group>";
		};
/* End PBXVariantGroup section */

/* Begin XCBuildConfiguration section */
		39E9FA2F1810EABA00914C59 /* Debug */ = {
			isa = XCBuildConfiguration;
			buildSettings = {
				ALWAYS_SEARCH_USER_PATHS = NO;
				ARCHS = "$(ARCHS_STANDARD_INCLUDING_64_BIT)";
				CLANG_CXX_LANGUAGE_STANDARD = "gnu++0x";
				CLANG_CXX_LIBRARY = "libc++";
				CLANG_ENABLE_MODULES = YES;
				CLANG_ENABLE_OBJC_ARC = YES;
				CLANG_WARN_BOOL_CONVERSION = YES;
				CLANG_WARN_CONSTANT_CONVERSION = YES;
				CLANG_WARN_DIRECT_OBJC_ISA_USAGE = YES_ERROR;
				CLANG_WARN_EMPTY_BODY = YES;
				CLANG_WARN_ENUM_CONVERSION = YES;
				CLANG_WARN_INT_CONVERSION = YES;
				CLANG_WARN_OBJC_ROOT_CLASS = YES_ERROR;
				CLANG_WARN__DUPLICATE_METHOD_MATCH = YES;
				"CODE_SIGN_IDENTITY[sdk=iphoneos*]" = "iPhone Developer";
				COPY_PHASE_STRIP = NO;
				GCC_C_LANGUAGE_STANDARD = gnu99;
				GCC_DYNAMIC_NO_PIC = NO;
				GCC_OPTIMIZATION_LEVEL = 0;
				GCC_PREPROCESSOR_DEFINITIONS = (
					"DEBUG=1",
					"$(inherited)",
				);
				GCC_SYMBOLS_PRIVATE_EXTERN = NO;
				GCC_WARN_64_TO_32_BIT_CONVERSION = YES;
				GCC_WARN_ABOUT_RETURN_TYPE = YES_ERROR;
				GCC_WARN_UNDECLARED_SELECTOR = YES;
				GCC_WARN_UNINITIALIZED_AUTOS = YES;
				GCC_WARN_UNUSED_FUNCTION = YES;
				GCC_WARN_UNUSED_VARIABLE = YES;
				IPHONEOS_DEPLOYMENT_TARGET = 7.0;
				ONLY_ACTIVE_ARCH = YES;
				SDKROOT = iphoneos;
				TARGETED_DEVICE_FAMILY = "1,2";
			};
			name = Debug;
		};
		39E9FA301810EABA00914C59 /* Release */ = {
			isa = XCBuildConfiguration;
			buildSettings = {
				ALWAYS_SEARCH_USER_PATHS = NO;
				ARCHS = "$(ARCHS_STANDARD_INCLUDING_64_BIT)";
				CLANG_CXX_LANGUAGE_STANDARD = "gnu++0x";
				CLANG_CXX_LIBRARY = "libc++";
				CLANG_ENABLE_MODULES = YES;
				CLANG_ENABLE_OBJC_ARC = YES;
				CLANG_WARN_BOOL_CONVERSION = YES;
				CLANG_WARN_CONSTANT_CONVERSION = YES;
				CLANG_WARN_DIRECT_OBJC_ISA_USAGE = YES_ERROR;
				CLANG_WARN_EMPTY_BODY = YES;
				CLANG_WARN_ENUM_CONVERSION = YES;
				CLANG_WARN_INT_CONVERSION = YES;
				CLANG_WARN_OBJC_ROOT_CLASS = YES_ERROR;
				CLANG_WARN__DUPLICATE_METHOD_MATCH = YES;
				"CODE_SIGN_IDENTITY[sdk=iphoneos*]" = "iPhone Developer";
				COPY_PHASE_STRIP = YES;
				ENABLE_NS_ASSERTIONS = NO;
				GCC_C_LANGUAGE_STANDARD = gnu99;
				GCC_WARN_64_TO_32_BIT_CONVERSION = YES;
				GCC_WARN_ABOUT_RETURN_TYPE = YES_ERROR;
				GCC_WARN_UNDECLARED_SELECTOR = YES;
				GCC_WARN_UNINITIALIZED_AUTOS = YES;
				GCC_WARN_UNUSED_FUNCTION = YES;
				GCC_WARN_UNUSED_VARIABLE = YES;
				IPHONEOS_DEPLOYMENT_TARGET = 7.0;
				SDKROOT = iphoneos;
				TARGETED_DEVICE_FAMILY = "1,2";
				VALIDATE_PRODUCT = YES;
			};
			name = Release;
		};
		39E9FA321810EABA00914C59 /* Debug */ = {
			isa = XCBuildConfiguration;
			buildSettings = {
				ASSETCATALOG_COMPILER_APPICON_NAME = AppIcon;
				ASSETCATALOG_COMPILER_LAUNCHIMAGE_NAME = LaunchImage;
				GCC_PRECOMPILE_PREFIX_HEADER = YES;
				GCC_PREFIX_HEADER = "Week1_Kiosk/Week1Kiosk-Prefix.pch";
				INFOPLIST_FILE = "Week1_Kiosk/Week1Kiosk-Info.plist";
				PRODUCT_NAME = Week1Kiosk;
				WRAPPER_EXTENSION = app;
			};
			name = Debug;
		};
		39E9FA331810EABA00914C59 /* Release */ = {
			isa = XCBuildConfiguration;
			buildSettings = {
				ASSETCATALOG_COMPILER_APPICON_NAME = AppIcon;
				ASSETCATALOG_COMPILER_LAUNCHIMAGE_NAME = LaunchImage;
				GCC_PRECOMPILE_PREFIX_HEADER = YES;
				GCC_PREFIX_HEADER = "Week1_Kiosk/Week1Kiosk-Prefix.pch";
				INFOPLIST_FILE = "Week1_Kiosk/Week1Kiosk-Info.plist";
				PRODUCT_NAME = Week1Kiosk;
				WRAPPER_EXTENSION = app;
			};
			name = Release;
		};
		39E9FA351810EABA00914C59 /* Debug */ = {
			isa = XCBuildConfiguration;
			buildSettings = {
				ARCHS = "$(ARCHS_STANDARD_INCLUDING_64_BIT)";
				BUNDLE_LOADER = "$(BUILT_PRODUCTS_DIR)/Week1_Kiosk.app/Week1_Kiosk";
				FRAMEWORK_SEARCH_PATHS = (
					"$(SDKROOT)/Developer/Library/Frameworks",
					"$(inherited)",
					"$(DEVELOPER_FRAMEWORKS_DIR)",
				);
				GCC_PRECOMPILE_PREFIX_HEADER = YES;
				GCC_PREFIX_HEADER = "Week1_Kiosk/Week1_Kiosk-Prefix.pch";
				GCC_PREPROCESSOR_DEFINITIONS = (
					"DEBUG=1",
					"$(inherited)",
				);
				INFOPLIST_FILE = "Week1_KioskTests/Week1KioskTests-Info.plist";
				PRODUCT_NAME = Week1KioskTests;
				TEST_HOST = "$(BUNDLE_LOADER)";
				WRAPPER_EXTENSION = xctest;
			};
			name = Debug;
		};
		39E9FA361810EABA00914C59 /* Release */ = {
			isa = XCBuildConfiguration;
			buildSettings = {
				ARCHS = "$(ARCHS_STANDARD_INCLUDING_64_BIT)";
				BUNDLE_LOADER = "$(BUILT_PRODUCTS_DIR)/Week1_Kiosk.app/Week1_Kiosk";
				FRAMEWORK_SEARCH_PATHS = (
					"$(SDKROOT)/Developer/Library/Frameworks",
					"$(inherited)",
					"$(DEVELOPER_FRAMEWORKS_DIR)",
				);
				GCC_PRECOMPILE_PREFIX_HEADER = YES;
				GCC_PREFIX_HEADER = "Week1_Kiosk/Week1_Kiosk-Prefix.pch";
				INFOPLIST_FILE = "Week1_KioskTests/Week1KioskTests-Info.plist";
				PRODUCT_NAME = Week1KioskTests;
				TEST_HOST = "$(BUNDLE_LOADER)";
				WRAPPER_EXTENSION = xctest;
			};
			name = Release;
		};
/* End XCBuildConfiguration section */

/* Begin XCConfigurationList section */
		39E9FA001810EABA00914C59 /* Build configuration list for PBXProject "Week1Kiosk" */ = {
			isa = XCConfigurationList;
			buildConfigurations = (
				39E9FA2F1810EABA00914C59 /* Debug */,
				39E9FA301810EABA00914C59 /* Release */,
			);
			defaultConfigurationIsVisible = 0;
			defaultConfigurationName = Release;
		};
		39E9FA311810EABA00914C59 /* Build configuration list for PBXNativeTarget "Week1Kiosk" */ = {
			isa = XCConfigurationList;
			buildConfigurations = (
				39E9FA321810EABA00914C59 /* Debug */,
				39E9FA331810EABA00914C59 /* Release */,
			);
			defaultConfigurationIsVisible = 0;
			defaultConfigurationName = Release;
		};
		39E9FA341810EABA00914C59 /* Build configuration list for PBXNativeTarget "Week1KioskTests" */ = {
			isa = XCConfigurationList;
			buildConfigurations = (
				39E9FA351810EABA00914C59 /* Debug */,
				39E9FA361810EABA00914C59 /* Release */,
			);
			defaultConfigurationIsVisible = 0;
			defaultConfigurationName = Release;
		};
/* End XCConfigurationList section */
	};
	rootObject = 39E9F9FD1810EABA00914C59 /* Project object */;
}
